
Microsoft Visual Studio Solution File, Format Version 12.00
# Visual Studio Version 16
VisualStudioVersion = 16.0.29806.167
MinimumVisualStudioVersion = 10.0.40219.1
Project("{9A19103F-16F7-4668-BE54-9A1E7A4F7556}") = "WebApi", "WebApi\WebApi.csproj", "{668EFD90-DDE6-4F62-8BD6-35714717849C}"
EndProject
Project("{9A19103F-16F7-4668-BE54-9A1E7A4F7556}") = "FCM.Business", "FCM.Business\FCM.Business.csproj", "{DADCEC4F-5940-43B4-A20F-26CB15275418}"
EndProject
Project("{9A19103F-16F7-4668-BE54-9A1E7A4F7556}") = "SynchronizationService", "..\SynchronizationService\SynchronizationService\SynchronizationService.csproj", "{69B9634A-7718-4FEF-8396-059AF40C252E}"
EndProject
Global
	GlobalSection(SolutionConfigurationPlatforms) = preSolution
		Debug|Any CPU = Debug|Any CPU
		Release|Any CPU = Release|Any CPU
	EndGlobalSection
	GlobalSection(ProjectConfigurationPlatforms) = postSolution
		{668EFD90-DDE6-4F62-8BD6-35714717849C}.Debug|Any CPU.ActiveCfg = Debug|Any CPU
		{668EFD90-DDE6-4F62-8BD6-35714717849C}.Debug|Any CPU.Build.0 = Debug|Any CPU
		{668EFD90-DDE6-4F62-8BD6-35714717849C}.Release|Any CPU.ActiveCfg = Release|Any CPU
		{668EFD90-DDE6-4F62-8BD6-35714717849C}.Release|Any CPU.Build.0 = Release|Any CPU
		{DADCEC4F-5940-43B4-A20F-26CB15275418}.Debug|Any CPU.ActiveCfg = Debug|Any CPU
		{DADCEC4F-5940-43B4-A20F-26CB15275418}.Debug|Any CPU.Build.0 = Debug|Any CPU
		{DADCEC4F-5940-43B4-A20F-26CB15275418}.Release|Any CPU.ActiveCfg = Release|Any CPU
		{DADCEC4F-5940-43B4-A20F-26CB15275418}.Release|Any CPU.Build.0 = Release|Any CPU
		{69B9634A-7718-4FEF-8396-059AF40C252E}.Debug|Any CPU.ActiveCfg = Debug|Any CPU
		{69B9634A-7718-4FEF-8396-059AF40C252E}.Debug|Any CPU.Build.0 = Debug|Any CPU
		{69B9634A-7718-4FEF-8396-059AF40C252E}.Release|Any CPU.ActiveCfg = Release|Any CPU
		{69B9634A-7718-4FEF-8396-059AF40C252E}.Release|Any CPU.Build.0 = Release|Any CPU
	EndGlobalSection
	GlobalSection(SolutionProperties) = preSolution
		HideSolutionNode = FALSE
	EndGlobalSection
	GlobalSection(ExtensibilityGlobals) = postSolution
		SolutionGuid = {58EA93EB-FE93-49EF-BF99-C95BE7D5FEB1}
	EndGlobalSection
EndGlobal
